{
  "name": "@mshioji/node-red-contrib-mcu-draw-face",
  "version": "0.1.2",
  "lockfileVersion": 3,
  "requires": true,
  "packages": {
    "": {
      "name": "@mshioji/node-red-contrib-mcu-draw-face",
      "version": "0.1.2",
      "license": "Apache-2.0",
      "engines": {
        "node": ">=18.0.0"
      }
    }
  }
}
